
Microsoft Visual Studio Solution File, Format Version 11.00
# Visual Studio 2010
Project("{FAE04EC0-301F-11D3-BF4B-00C04F79EFBC}") = "FormC.Popups", "FormC.Popups\FormC.Popups.csproj", "{73D7829C-0251-4174-84FE-8148C1D3413A}"
EndProject
Project("{FAE04EC0-301F-11D3-BF4B-00C04F79EFBC}") = "FormC.Popups.Web", "FormC.Popups.Web\FormC.Popups.Web.csproj", "{7B56E500-7E6D-479A-A7DA-5DD9CC68C201}"
EndProject
Global
	GlobalSection(SolutionConfigurationPlatforms) = preSolution
		Debug|Any CPU = Debug|Any CPU
		Release|Any CPU = Release|Any CPU
	EndGlobalSection
	GlobalSection(ProjectConfigurationPlatforms) = postSolution
		{73D7829C-0251-4174-84FE-8148C1D3413A}.Debug|Any CPU.ActiveCfg = Debug|Any CPU
		{73D7829C-0251-4174-84FE-8148C1D3413A}.Debug|Any CPU.Build.0 = Debug|Any CPU
		{73D7829C-0251-4174-84FE-8148C1D3413A}.Release|Any CPU.ActiveCfg = Release|Any CPU
		{73D7829C-0251-4174-84FE-8148C1D3413A}.Release|Any CPU.Build.0 = Release|Any CPU
		{7B56E500-7E6D-479A-A7DA-5DD9CC68C201}.Debug|Any CPU.ActiveCfg = Debug|Any CPU
		{7B56E500-7E6D-479A-A7DA-5DD9CC68C201}.Debug|Any CPU.Build.0 = Debug|Any CPU
		{7B56E500-7E6D-479A-A7DA-5DD9CC68C201}.Release|Any CPU.ActiveCfg = Release|Any CPU
		{7B56E500-7E6D-479A-A7DA-5DD9CC68C201}.Release|Any CPU.Build.0 = Release|Any CPU
	EndGlobalSection
	GlobalSection(SolutionProperties) = preSolution
		HideSolutionNode = FALSE
	EndGlobalSection
EndGlobal
